<?xml version="1.0" encoding="UTF-8" standalone="yes" ?>
<CodeBlocks_project_file>
	<FileVersion major="1" minor="6" />
	<Project>
		<Option title="KevDERAS" />
		<Option pch_mode="2" />
		<Option compiler="gcc" />
		<Build>
			<Target title="Debug">
				<Option output="bin/Debug/KevDERAS" prefix_auto="1" extension_auto="1" />
				<Option object_output="obj/Debug/" />
				<Option type="1" />
				<Option compiler="gcc" />
				<Compiler>
					<Add option="-g" />
				</Compiler>
			</Target>
			<Target title="Release">
				<Option output="bin/Release/KevDERAS" prefix_auto="1" extension_auto="1" />
				<Option object_output="obj/Release/" />
				<Option type="1" />
				<Option compiler="gcc" />
				<Compiler>
					<Add option="-O2" />
				</Compiler>
				<Linker>
					<Add option="-s" />
				</Linker>
			</Target>
		</Build>
		<Compiler>
			<Add option="-Wall" />
			<Add option="-fexceptions" />
			<Add option="-Wno-long-long" />
			<Add option="-Wno-deprecated" />
			<Add option="-lstdc++" />
			<Add option="-lpthread" />
			<Add option="-lrt" />
			<Add option="-lm $(PILIBS)" />
			<Add option="-DQCC_OS_LINUX" />
			<Add option="-DQCC_OS_GROUP_POSIX" />
			<Add option="-DQCC_DBG $(CPUFLAGS)" />
			<Add option="-DDROUTER" />
			<Add option="-DOS=linux" />
			<Add option="-DCPU=arm" />
			<Add directory="/home/pi/src/core-alljoyn/build/linux/arm/debug/dist/cpp/inc" />
		</Compiler>
		<Linker>
			<Add option="-lajrouter" />
			<Add option="-lpthread" />
			<Add option="-lalljoyn" />
			<Add directory="/home/pi/src/core-alljoyn/build/linux/arm/debug/dist/cpp/lib" />
		</Linker>
		<Unit filename="../../../src/CTA-2045-UCM-CPP-Library/build/debug/libcea2045.so" />
		<Unit filename="../build/src/Aggregator.cpp" />
		<Unit filename="../build/src/ClientListener.cpp" />
		<Unit filename="../build/src/DistributedEnergyResource.cpp" />
		<Unit filename="../build/src/SmartGridDevice.cpp" />
		<Unit filename="../build/src/include/Aggregator.hpp" />
		<Unit filename="../build/src/include/ClientListener.hpp" />
		<Unit filename="../build/src/include/DistributedEnergyResource.hpp" />
		<Unit filename="../build/src/include/SmartGridDevice.hpp" />
		<Unit filename="../build/src/include/aj_utility.hpp" />
		<Unit filename="../build/src/include/logger.h" />
		<Unit filename="../build/src/include/tsu.h" />
		<Unit filename="../build/src/logger.cpp" />
		<Unit filename="../build/src/main.cpp" />
		<Extensions>
			<code_completion />
			<debugger />
		</Extensions>
	</Project>
</CodeBlocks_project_file>
